
Microsoft Visual Studio Solution File, Format Version 12.00
# Visual Studio Version 17
VisualStudioVersion = 17.14.36414.22 d17.14
MinimumVisualStudioVersion = 10.0.40219.1
Project("{FAE04EC0-301F-11D3-BF4B-00C04F79EFBC}") = "InterviewSimulator.Api", "InterviewSimulator.Api\InterviewSimulator.Api.csproj", "{BF18145F-A157-49F5-AE33-7E53FAA4CAEE}"
EndProject
Global
	GlobalSection(SolutionConfigurationPlatforms) = preSolution
		Debug|Any CPU = Debug|Any CPU
		Release|Any CPU = Release|Any CPU
	EndGlobalSection
	GlobalSection(ProjectConfigurationPlatforms) = postSolution
		{BF18145F-A157-49F5-AE33-7E53FAA4CAEE}.Debug|Any CPU.ActiveCfg = Debug|Any CPU
		{BF18145F-A157-49F5-AE33-7E53FAA4CAEE}.Debug|Any CPU.Build.0 = Debug|Any CPU
		{BF18145F-A157-49F5-AE33-7E53FAA4CAEE}.Release|Any CPU.ActiveCfg = Release|Any CPU
		{BF18145F-A157-49F5-AE33-7E53FAA4CAEE}.Release|Any CPU.Build.0 = Release|Any CPU
	EndGlobalSection
	GlobalSection(SolutionProperties) = preSolution
		HideSolutionNode = FALSE
	EndGlobalSection
	GlobalSection(ExtensibilityGlobals) = postSolution
		SolutionGuid = {F9DE2DD4-B4FD-4735-941F-A739D957ADE5}
	EndGlobalSection
EndGlobal
